Microsoft Visual Studio Solution File, Format Version 12.00
# Visual Studio 15
VisualStudioVersion = 15.0.28307.106
MinimumVisualStudioVersion = 10.0.40219.1
Project("{9A19103F-16F7-4668-BE54-9A1E7A4F7556}") = "AU426_01_OptixVersion", "AU426_01_OptixVersion.csproj", "{A5365EF8-28BC-E968-4EA3-246BC36D675D}"
EndProject
Global
    GlobalSection(SolutionConfigurationPlatforms) = preSolution
        Debug|Any CPU = Debug|Any CPU
        Release|Any CPU = Release|Any CPU
    EndGlobalSection
    GlobalSection(ProjectConfigurationPlatforms) = postSolution
        {A5365EF8-28BC-E968-4EA3-246BC36D675D}.Debug|Any CPU.ActiveCfg = Debug|Any CPU
        {A5365EF8-28BC-E968-4EA3-246BC36D675D}.Debug|Any CPU.Build.0 = Debug|Any CPU
        {A5365EF8-28BC-E968-4EA3-246BC36D675D}.Release|Any CPU.ActiveCfg = Release|Any CPU
        {A5365EF8-28BC-E968-4EA3-246BC36D675D}.Release|Any CPU.Build.0 = Release|Any CPU
    EndGlobalSection
    GlobalSection(SolutionProperties) = preSolution
        HideSolutionNode = FALSE
    EndGlobalSection
EndGlobal
